
Microsoft Visual Studio Solution File, Format Version 12.00
# Visual Studio Version 16
VisualStudioVersion = 16.0.29102.190
MinimumVisualStudioVersion = 10.0.40219.1
Project("{FAE04EC0-301F-11D3-BF4B-00C04F79EFBC}") = "HangmanGame", "HangmanGame\HangmanGame.csproj", "{A43AFA00-9509-4975-97CF-F041BED06015}"
EndProject
Global
	GlobalSection(SolutionConfigurationPlatforms) = preSolution
		Debug|Any CPU = Debug|Any CPU
		Release|Any CPU = Release|Any CPU
	EndGlobalSection
	GlobalSection(ProjectConfigurationPlatforms) = postSolution
		{A43AFA00-9509-4975-97CF-F041BED06015}.Debug|Any CPU.ActiveCfg = Debug|Any CPU
		{A43AFA00-9509-4975-97CF-F041BED06015}.Debug|Any CPU.Build.0 = Debug|Any CPU
		{A43AFA00-9509-4975-97CF-F041BED06015}.Release|Any CPU.ActiveCfg = Release|Any CPU
		{A43AFA00-9509-4975-97CF-F041BED06015}.Release|Any CPU.Build.0 = Release|Any CPU
	EndGlobalSection
	GlobalSection(SolutionProperties) = preSolution
		HideSolutionNode = FALSE
	EndGlobalSection
	GlobalSection(ExtensibilityGlobals) = postSolution
		SolutionGuid = {C3F2F5BF-7295-49FF-861A-53C1A0E6FC2B}
	EndGlobalSection
EndGlobal
