
Microsoft Visual Studio Solution File, Format Version 12.00
# Visual Studio Version 16
VisualStudioVersion = 16.0.29709.97
MinimumVisualStudioVersion = 10.0.40219.1
Project("{FAE04EC0-301F-11D3-BF4B-00C04F79EFBC}") = "Calculator", "Calculator.csproj", "{BBAA502A-55F3-4A9D-9B63-D422AE932EF9}"
EndProject
Global
	GlobalSection(SolutionConfigurationPlatforms) = preSolution
		Debug|Any CPU = Debug|Any CPU
		Release|Any CPU = Release|Any CPU
	EndGlobalSection
	GlobalSection(ProjectConfigurationPlatforms) = postSolution
		{BBAA502A-55F3-4A9D-9B63-D422AE932EF9}.Debug|Any CPU.ActiveCfg = Debug|Any CPU
		{BBAA502A-55F3-4A9D-9B63-D422AE932EF9}.Debug|Any CPU.Build.0 = Debug|Any CPU
		{BBAA502A-55F3-4A9D-9B63-D422AE932EF9}.Release|Any CPU.ActiveCfg = Release|Any CPU
		{BBAA502A-55F3-4A9D-9B63-D422AE932EF9}.Release|Any CPU.Build.0 = Release|Any CPU
	EndGlobalSection
	GlobalSection(SolutionProperties) = preSolution
		HideSolutionNode = FALSE
	EndGlobalSection
	GlobalSection(ExtensibilityGlobals) = postSolution
		SolutionGuid = {C60F7DC0-8A50-4E65-A2FC-387E90449D76}
	EndGlobalSection
EndGlobal
