
Microsoft Visual Studio Solution File, Format Version 12.00
# Visual Studio Version 16
VisualStudioVersion = 16.0.29102.190
MinimumVisualStudioVersion = 10.0.40219.1
Project("{FAE04EC0-301F-11D3-BF4B-00C04F79EFBC}") = "SumDigitsInString", "SumDigitsInString\SumDigitsInString.csproj", "{B19B7DF0-8C23-4176-B46C-5BA7D3E6AD82}"
EndProject
Global
	GlobalSection(SolutionConfigurationPlatforms) = preSolution
		Debug|Any CPU = Debug|Any CPU
		Release|Any CPU = Release|Any CPU
	EndGlobalSection
	GlobalSection(ProjectConfigurationPlatforms) = postSolution
		{B19B7DF0-8C23-4176-B46C-5BA7D3E6AD82}.Debug|Any CPU.ActiveCfg = Debug|Any CPU
		{B19B7DF0-8C23-4176-B46C-5BA7D3E6AD82}.Debug|Any CPU.Build.0 = Debug|Any CPU
		{B19B7DF0-8C23-4176-B46C-5BA7D3E6AD82}.Release|Any CPU.ActiveCfg = Release|Any CPU
		{B19B7DF0-8C23-4176-B46C-5BA7D3E6AD82}.Release|Any CPU.Build.0 = Release|Any CPU
	EndGlobalSection
	GlobalSection(SolutionProperties) = preSolution
		HideSolutionNode = FALSE
	EndGlobalSection
	GlobalSection(ExtensibilityGlobals) = postSolution
		SolutionGuid = {F412927B-5037-4B2E-A10A-44B238524F6F}
	EndGlobalSection
EndGlobal
